lockfileVersion: '9.0'

settings:
  autoInstallPeers: true
  excludeLinksFromLockfile: false

catalogs:
  default:
    '@types/node':
      specifier: 24.10.1
      version: 24.10.1
    prettier:
      specifier: 3.6.2
      version: 3.6.2
    rolldown:
      specifier: ^1.0.0-beta.47
      version: 1.0.0-beta.47
    typescript:
      specifier: 5.9.3
      version: 5.9.3

importers:

  .: {}

  packages/config:
    devDependencies:
      '@types/node':
        specifier: 'catalog:'
        version: 24.10.1
      prettier:
        specifier: 'catalog:'
        version: 3.6.2
      typescript:
        specifier: 'catalog:'
        version: 5.9.3

  packages/hook:
    dependencies:
      prettier:
        specifier: 'catalog:'
        version: 3.6.2
    devDependencies:
      '@types/node':
        specifier: 'catalog:'
        version: 24.10.1
      typescript:
        specifier: 'catalog:'
        version: 5.9.3

  plugins/git:
    dependencies:
      '@claudekit/config':
        specifier: workspace:*
        version: link:../../packages/config
      '@claudekit/hook':
        specifier: workspace:*
        version: link:../../packages/hook
    devDependencies:
      '@types/node':
        specifier: 'catalog:'
        version: 24.10.1
      prettier:
        specifier: 'catalog:'
        version: 3.6.2
      rolldown:
        specifier: 'catalog:'
        version: 1.0.0-beta.47
      typescript:
        specifier: 'catalog:'
        version: 5.9.3

  plugins/rubric:
    dependencies:
      '@claudekit/config':
        specifier: workspace:*
        version: link:../../packages/config
      '@claudekit/hook':
        specifier: workspace:*
        version: link:../../packages/hook
    devDependencies:
      '@types/node':
        specifier: 'catalog:'
        version: 24.10.1
      prettier:
        specifier: 'catalog:'
        version: 3.6.2
      rolldown:
        specifier: 'catalog:'
        version: 1.0.0-beta.47
      typescript:
        specifier: 'catalog:'
        version: 5.9.3

packages:

  '@emnapi/core@1.5.0':
    resolution: {integrity: sha512-sbP8GzB1WDzacS8fgNPpHlp6C9VZe+SJP3F90W9rLemaQj2PzIuTEl1qDOYQf58YIpyjViI24y9aPWCjEzY2cg==}

  '@emnapi/runtime@1.5.0':
    resolution: {integrity: sha512-97/BJ3iXHww3djw6hYIfErCZFee7qCtrneuLa20UXFCOTCfBM2cvQHjWJ2EG0s0MtdNwInarqCTz35i4wWXHsQ==}

  '@emnapi/wasi-threads@1.1.0':
    resolution: {integrity: sha512-WI0DdZ8xFSbgMjR1sFsKABJ/C5OnRrjT06JXbZKexJGrDuPTzZdDYfFlsgcCXCyf+suG5QU2e/y1Wo2V/OapLQ==}

  '@napi-rs/wasm-runtime@1.0.7':
    resolution: {integrity: sha512-SeDnOO0Tk7Okiq6DbXmmBODgOAb9dp9gjlphokTUxmt8U3liIP1ZsozBahH69j/RJv+Rfs6IwUKHTgQYJ/HBAw==}

  '@oxc-project/types@0.96.0':
    resolution: {integrity: sha512-r/xkmoXA0xEpU6UGtn18CNVjXH6erU3KCpCDbpLmbVxBFor1U9MqN5Z2uMmCHJuXjJzlnDR+hWY+yPoLo8oHDw==}

  '@rolldown/binding-android-arm64@1.0.0-beta.47':
    resolution: {integrity: sha512-vPP9/MZzESh9QtmvQYojXP/midjgkkc1E4AdnPPAzQXo668ncHJcVLKjJKzoBdsQmaIvNjrMdsCwES8vTQHRQw==}
    engines: {node: ^20.19.0 || >=22.12.0}
    cpu: [arm64]
    os: [android]

  '@rolldown/binding-darwin-arm64@1.0.0-beta.47':
    resolution: {integrity: sha512-Lc3nrkxeaDVCVl8qR3qoxh6ltDZfkQ98j5vwIr5ALPkgjZtDK4BGCrrBoLpGVMg+csWcaqUbwbKwH5yvVa0oOw==}
    engines: {node: ^20.19.0 || >=22.12.0}
    cpu: [arm64]
    os: [darwin]

  '@rolldown/binding-darwin-x64@1.0.0-beta.47':
    resolution: {integrity: sha512-eBYxQDwP0O33plqNVqOtUHqRiSYVneAknviM5XMawke3mwMuVlAsohtOqEjbCEl/Loi/FWdVeks5WkqAkzkYWQ==}
    engines: {node: ^20.19.0 || >=22.12.0}
    cpu: [x64]
    os: [darwin]

  '@rolldown/binding-freebsd-x64@1.0.0-beta.47':
    resolution: {integrity: sha512-Ns+kgp2+1Iq/44bY/Z30DETUSiHY7ZuqaOgD5bHVW++8vme9rdiWsN4yG4rRPXkdgzjvQ9TDHmZZKfY4/G11AA==}
    engines: {node: ^20.19.0 || >=22.12.0}
    cpu: [x64]
    os: [freebsd]

  '@rolldown/binding-linux-arm-gnueabihf@1.0.0-beta.47':
    resolution: {integrity: sha512-4PecgWCJhTA2EFOlptYJiNyVP2MrVP4cWdndpOu3WmXqWqZUmSubhb4YUAIxAxnXATlGjC1WjxNPhV7ZllNgdA==}
    engines: {node: ^20.19.0 || >=22.12.0}
    cpu: [arm]
    os: [linux]

  '@rolldown/binding-linux-arm64-gnu@1.0.0-beta.47':
    resolution: {integrity: sha512-CyIunZ6D9U9Xg94roQI1INt/bLkOpPsZjZZkiaAZ0r6uccQdICmC99M9RUPlMLw/qg4yEWLlQhG73W/mG437NA==}
    engines: {node: ^20.19.0 || >=22.12.0}
    cpu: [arm64]
    os: [linux]

  '@rolldown/binding-linux-arm64-musl@1.0.0-beta.47':
    resolution: {integrity: sha512-doozc/Goe7qRCSnzfJbFINTHsMktqmZQmweull6hsZZ9sjNWQ6BWQnbvOlfZJe4xE5NxM1NhPnY5Giqnl3ZrYQ==}
    engines: {node: ^20.19.0 || >=22.12.0}
    cpu: [arm64]
    os: [linux]

  '@rolldown/binding-linux-x64-gnu@1.0.0-beta.47':
    resolution: {integrity: sha512-fodvSMf6Aqwa0wEUSTPewmmZOD44rc5Tpr5p9NkwQ6W1SSpUKzD3SwpJIgANDOhwiYhDuiIaYPGB7Ujkx1q0UQ==}
    engines: {node: ^20.19.0 || >=22.12.0}
    cpu: [x64]
    os: [linux]

  '@rolldown/binding-linux-x64-musl@1.0.0-beta.47':
    resolution: {integrity: sha512-Rxm5hYc0mGjwLh5sjlGmMygxAaV2gnsx7CNm2lsb47oyt5UQyPDZf3GP/ct8BEcwuikdqzsrrlIp8+kCSvMFNQ==}
    engines: {node: ^20.19.0 || >=22.12.0}
    cpu: [x64]
    os: [linux]

  '@rolldown/binding-openharmony-arm64@1.0.0-beta.47':
    resolution: {integrity: sha512-YakuVe+Gc87jjxazBL34hbr8RJpRuFBhun7NEqoChVDlH5FLhLXjAPHqZd990TVGVNkemourf817Z8u2fONS8w==}
    engines: {node: ^20.19.0 || >=22.12.0}
    cpu: [arm64]
    os: [openharmony]

  '@rolldown/binding-wasm32-wasi@1.0.0-beta.47':
    resolution: {integrity: sha512-ak2GvTFQz3UAOw8cuQq8pWE+TNygQB6O47rMhvevvTzETh7VkHRFtRUwJynX5hwzFvQMP6G0az5JrBGuwaMwYQ==}
    engines: {node: '>=14.0.0'}
    cpu: [wasm32]

  '@rolldown/binding-win32-arm64-msvc@1.0.0-beta.47':
    resolution: {integrity: sha512-o5BpmBnXU+Cj+9+ndMcdKjhZlPb79dVPBZnWwMnI4RlNSSq5yOvFZqvfPYbyacvnW03Na4n5XXQAPhu3RydZ0w==}
    engines: {node: ^20.19.0 || >=22.12.0}
    cpu: [arm64]
    os: [win32]

  '@rolldown/binding-win32-ia32-msvc@1.0.0-beta.47':
    resolution: {integrity: sha512-FVOmfyYehNE92IfC9Kgs913UerDog2M1m+FADJypKz0gmRg3UyTt4o1cZMCAl7MiR89JpM9jegNO1nXuP1w1vw==}
    engines: {node: ^20.19.0 || >=22.12.0}
    cpu: [ia32]
    os: [win32]

  '@rolldown/binding-win32-x64-msvc@1.0.0-beta.47':
    resolution: {integrity: sha512-by/70F13IUE101Bat0oeH8miwWX5mhMFPk1yjCdxoTNHTyTdLgb0THNaebRM6AP7Kz+O3O2qx87sruYuF5UxHg==}
    engines: {node: ^20.19.0 || >=22.12.0}
    cpu: [x64]
    os: [win32]

  '@rolldown/pluginutils@1.0.0-beta.47':
    resolution: {integrity: sha512-8QagwMH3kNCuzD8EWL8R2YPW5e4OrHNSAHRFDdmFqEwEaD/KcNKjVoumo+gP2vW5eKB2UPbM6vTYiGZX0ixLnw==}

  '@tybys/wasm-util@0.10.1':
    resolution: {integrity: sha512-9tTaPJLSiejZKx+Bmog4uSubteqTvFrVrURwkmHixBo0G4seD0zUxp98E1DzUBJxLQ3NPwXrGKDiVjwx/DpPsg==}

  '@types/node@24.10.1':
    resolution: {integrity: sha512-GNWcUTRBgIRJD5zj+Tq0fKOJ5XZajIiBroOF0yvj2bSU1WvNdYS/dn9UxwsujGW4JX06dnHyjV2y9rRaybH0iQ==}

  prettier@3.6.2:
    resolution: {integrity: sha512-I7AIg5boAr5R0FFtJ6rCfD+LFsWHp81dolrFD8S79U9tb8Az2nGrJncnMSnys+bpQJfRUzqs9hnA81OAA3hCuQ==}
    engines: {node: '>=14'}
    hasBin: true

  rolldown@1.0.0-beta.47:
    resolution: {integrity: sha512-Mid74GckX1OeFAOYz9KuXeWYhq3xkXbMziYIC+ULVdUzPTG9y70OBSBQDQn9hQP8u/AfhuYw1R0BSg15nBI4Dg==}
    engines: {node: ^20.19.0 || >=22.12.0}
    hasBin: true

  tslib@2.8.1:
    resolution: {integrity: sha512-oJFu94HQb+KVduSUQL7wnpmqnfmLsOA/nAh6b6EH0wCEoK0/mPeXU6c3wKDV83MkOuHPRHtSXKKU99IBazS/2w==}

  typescript@5.9.3:
    resolution: {integrity: sha512-jl1vZzPDinLr9eUt3J/t7V6FgNEw9QjvBPdysz9KfQDD41fQrC2Y4vKQdiaUpFT4bXlb1RHhLpp8wtm6M5TgSw==}
    engines: {node: '>=14.17'}
    hasBin: true

  undici-types@7.16.0:
    resolution: {integrity: sha512-Zz+aZWSj8LE6zoxD+xrjh4VfkIG8Ya6LvYkZqtUQGJPZjYl53ypCaUwWqo7eI0x66KBGeRo+mlBEkMSeSZ38Nw==}

snapshots:

  '@emnapi/core@1.5.0':
    dependencies:
      '@emnapi/wasi-threads': 1.1.0
      tslib: 2.8.1
    optional: true

  '@emnapi/runtime@1.5.0':
    dependencies:
      tslib: 2.8.1
    optional: true

  '@emnapi/wasi-threads@1.1.0':
    dependencies:
      tslib: 2.8.1
    optional: true

  '@napi-rs/wasm-runtime@1.0.7':
    dependencies:
      '@emnapi/core': 1.5.0
      '@emnapi/runtime': 1.5.0
      '@tybys/wasm-util': 0.10.1
    optional: true

  '@oxc-project/types@0.96.0': {}

  '@rolldown/binding-android-arm64@1.0.0-beta.47':
    optional: true

  '@rolldown/binding-darwin-arm64@1.0.0-beta.47':
    optional: true

  '@rolldown/binding-darwin-x64@1.0.0-beta.47':
    optional: true

  '@rolldown/binding-freebsd-x64@1.0.0-beta.47':
    optional: true

  '@rolldown/binding-linux-arm-gnueabihf@1.0.0-beta.47':
    optional: true

  '@rolldown/binding-linux-arm64-gnu@1.0.0-beta.47':
    optional: true

  '@rolldown/binding-linux-arm64-musl@1.0.0-beta.47':
    optional: true

  '@rolldown/binding-linux-x64-gnu@1.0.0-beta.47':
    optional: true

  '@rolldown/binding-linux-x64-musl@1.0.0-beta.47':
    optional: true

  '@rolldown/binding-openharmony-arm64@1.0.0-beta.47':
    optional: true

  '@rolldown/binding-wasm32-wasi@1.0.0-beta.47':
    dependencies:
      '@napi-rs/wasm-runtime': 1.0.7
    optional: true

  '@rolldown/binding-win32-arm64-msvc@1.0.0-beta.47':
    optional: true

  '@rolldown/binding-win32-ia32-msvc@1.0.0-beta.47':
    optional: true

  '@rolldown/binding-win32-x64-msvc@1.0.0-beta.47':
    optional: true

  '@rolldown/pluginutils@1.0.0-beta.47': {}

  '@tybys/wasm-util@0.10.1':
    dependencies:
      tslib: 2.8.1
    optional: true

  '@types/node@24.10.1':
    dependencies:
      undici-types: 7.16.0

  prettier@3.6.2: {}

  rolldown@1.0.0-beta.47:
    dependencies:
      '@oxc-project/types': 0.96.0
      '@rolldown/pluginutils': 1.0.0-beta.47
    optionalDependencies:
      '@rolldown/binding-android-arm64': 1.0.0-beta.47
      '@rolldown/binding-darwin-arm64': 1.0.0-beta.47
      '@rolldown/binding-darwin-x64': 1.0.0-beta.47
      '@rolldown/binding-freebsd-x64': 1.0.0-beta.47
      '@rolldown/binding-linux-arm-gnueabihf': 1.0.0-beta.47
      '@rolldown/binding-linux-arm64-gnu': 1.0.0-beta.47
      '@rolldown/binding-linux-arm64-musl': 1.0.0-beta.47
      '@rolldown/binding-linux-x64-gnu': 1.0.0-beta.47
      '@rolldown/binding-linux-x64-musl': 1.0.0-beta.47
      '@rolldown/binding-openharmony-arm64': 1.0.0-beta.47
      '@rolldown/binding-wasm32-wasi': 1.0.0-beta.47
      '@rolldown/binding-win32-arm64-msvc': 1.0.0-beta.47
      '@rolldown/binding-win32-ia32-msvc': 1.0.0-beta.47
      '@rolldown/binding-win32-x64-msvc': 1.0.0-beta.47

  tslib@2.8.1:
    optional: true

  typescript@5.9.3: {}

  undici-types@7.16.0: {}
