lockfileVersion: '9.0'

settings:
  autoInstallPeers: true
  excludeLinksFromLockfile: false

catalogs:
  default:
    '@types/node':
      specifier: 24.10.0
      version: 24.10.0
    prettier:
      specifier: 3.6.2
      version: 3.6.2
    rolldown:
      specifier: ^1.0.0-beta.46
      version: 1.0.0-beta.46
    typescript:
      specifier: 5.9.3
      version: 5.9.3

importers:

  .: {}

  packages/config:
    devDependencies:
      '@types/node':
        specifier: 'catalog:'
        version: 24.10.0
      prettier:
        specifier: 'catalog:'
        version: 3.6.2
      typescript:
        specifier: 'catalog:'
        version: 5.9.3

  packages/hook:
    dependencies:
      prettier:
        specifier: 'catalog:'
        version: 3.6.2
    devDependencies:
      '@types/node':
        specifier: 'catalog:'
        version: 24.10.0
      typescript:
        specifier: 'catalog:'
        version: 5.9.3

  plugins/git:
    dependencies:
      '@claudekit/config':
        specifier: workspace:*
        version: link:../../packages/config
      '@claudekit/hook':
        specifier: workspace:*
        version: link:../../packages/hook
    devDependencies:
      '@types/node':
        specifier: 'catalog:'
        version: 24.10.0
      prettier:
        specifier: 'catalog:'
        version: 3.6.2
      rolldown:
        specifier: 'catalog:'
        version: 1.0.0-beta.46
      typescript:
        specifier: 'catalog:'
        version: 5.9.3

  plugins/rubric:
    dependencies:
      '@claudekit/config':
        specifier: workspace:*
        version: link:../../packages/config
      '@claudekit/hook':
        specifier: workspace:*
        version: link:../../packages/hook
    devDependencies:
      '@types/node':
        specifier: 'catalog:'
        version: 24.10.0
      prettier:
        specifier: 'catalog:'
        version: 3.6.2
      rolldown:
        specifier: 'catalog:'
        version: 1.0.0-beta.46
      typescript:
        specifier: 'catalog:'
        version: 5.9.3

packages:

  '@emnapi/core@1.5.0':
    resolution: {integrity: sha512-sbP8GzB1WDzacS8fgNPpHlp6C9VZe+SJP3F90W9rLemaQj2PzIuTEl1qDOYQf58YIpyjViI24y9aPWCjEzY2cg==}

  '@emnapi/runtime@1.5.0':
    resolution: {integrity: sha512-97/BJ3iXHww3djw6hYIfErCZFee7qCtrneuLa20UXFCOTCfBM2cvQHjWJ2EG0s0MtdNwInarqCTz35i4wWXHsQ==}

  '@emnapi/wasi-threads@1.1.0':
    resolution: {integrity: sha512-WI0DdZ8xFSbgMjR1sFsKABJ/C5OnRrjT06JXbZKexJGrDuPTzZdDYfFlsgcCXCyf+suG5QU2e/y1Wo2V/OapLQ==}

  '@napi-rs/wasm-runtime@1.0.7':
    resolution: {integrity: sha512-SeDnOO0Tk7Okiq6DbXmmBODgOAb9dp9gjlphokTUxmt8U3liIP1ZsozBahH69j/RJv+Rfs6IwUKHTgQYJ/HBAw==}

  '@oxc-project/types@0.96.0':
    resolution: {integrity: sha512-r/xkmoXA0xEpU6UGtn18CNVjXH6erU3KCpCDbpLmbVxBFor1U9MqN5Z2uMmCHJuXjJzlnDR+hWY+yPoLo8oHDw==}

  '@rolldown/binding-android-arm64@1.0.0-beta.46':
    resolution: {integrity: sha512-1nfXUqZ227uKuLw9S12OQZU5z+h+cUOXLW5orntWVxHWvt20pt1PGUcVoIU8ssngKABu0vzHY268kAxuYX24BQ==}
    engines: {node: ^20.19.0 || >=22.12.0}
    cpu: [arm64]
    os: [android]

  '@rolldown/binding-darwin-arm64@1.0.0-beta.46':
    resolution: {integrity: sha512-w4IyumCQkpA3ezZ37COG3mMusFYxjEE8zqCfXZU/qb5k1JMD2kVl0fgJafIbGli27tgelYMweXkJGnlrxSGT9Q==}
    engines: {node: ^20.19.0 || >=22.12.0}
    cpu: [arm64]
    os: [darwin]

  '@rolldown/binding-darwin-x64@1.0.0-beta.46':
    resolution: {integrity: sha512-9QqaRHPbdAnv306+7nzltq4CktJ49Z4W9ybHLWYxSeDSoOGL4l1QmxjDWoRHrqYEkNr+DWHqqoD4NNHgOk7lKw==}
    engines: {node: ^20.19.0 || >=22.12.0}
    cpu: [x64]
    os: [darwin]

  '@rolldown/binding-freebsd-x64@1.0.0-beta.46':
    resolution: {integrity: sha512-Cuk5opdEMb+Evi7QcGArc4hWVoHSGz/qyUUWLTpFJWjylb8wH1u4f+HZE6gVGACuf4w/5P/VhAIamHyweAbBVQ==}
    engines: {node: ^20.19.0 || >=22.12.0}
    cpu: [x64]
    os: [freebsd]

  '@rolldown/binding-linux-arm-gnueabihf@1.0.0-beta.46':
    resolution: {integrity: sha512-BPWDxEnxb4JNMXrSmPuc5ywI6cHOELofmT0e/WGkbL1MwKYRVvqTf+gMcGLF6zAV+OF5hLYMAEk8XKfao6xmDQ==}
    engines: {node: ^20.19.0 || >=22.12.0}
    cpu: [arm]
    os: [linux]

  '@rolldown/binding-linux-arm64-gnu@1.0.0-beta.46':
    resolution: {integrity: sha512-CDQSVlryuRC955EwgbBK1h/6xQyttSxQG8+6/PeOfvUlfKGPMbBdcsOEHzGve5ED1Y7Ovh2UFjY/eT106aQqig==}
    engines: {node: ^20.19.0 || >=22.12.0}
    cpu: [arm64]
    os: [linux]

  '@rolldown/binding-linux-arm64-musl@1.0.0-beta.46':
    resolution: {integrity: sha512-6IZHycZetmVaC9zwcl1aA9fPYPuxLa5apALjJRoJu/2BZdER3zBWxDnCzlEh4SUlo++cwdfV9ZQRK9JS8cLNuA==}
    engines: {node: ^20.19.0 || >=22.12.0}
    cpu: [arm64]
    os: [linux]

  '@rolldown/binding-linux-x64-gnu@1.0.0-beta.46':
    resolution: {integrity: sha512-R/kI8fMnsxXvWzcMv5A408hfvrwtAwD/HdQKIE1HKWmfxdSHB11Y3PVwlnt7RVo7I++6mWCIxxj5o3gut4ibEw==}
    engines: {node: ^20.19.0 || >=22.12.0}
    cpu: [x64]
    os: [linux]

  '@rolldown/binding-linux-x64-musl@1.0.0-beta.46':
    resolution: {integrity: sha512-vGUXKuHGUlG2XBwvN4A8KIegeaVVxN2ZxdGG9thycwRkzUvZ9ccKvqUVZM8cVRyNRWgVgsGCS18qLUefVplwKw==}
    engines: {node: ^20.19.0 || >=22.12.0}
    cpu: [x64]
    os: [linux]

  '@rolldown/binding-openharmony-arm64@1.0.0-beta.46':
    resolution: {integrity: sha512-6SpDGH+0Dud3/RFDoC6fva6+Cm/0COnMRKR8kI4ssHWlCXPymlM59kYFCIBLZZqwURpNVVMPln4rWjxXuwD23w==}
    engines: {node: ^20.19.0 || >=22.12.0}
    cpu: [arm64]
    os: [openharmony]

  '@rolldown/binding-wasm32-wasi@1.0.0-beta.46':
    resolution: {integrity: sha512-peWDGp8YUAbTw5RJzr9AuPlTuf2adr+TBNIGF6ysMbobBKuQL41wYfGQlcerXJfLmjnQLf6DU2zTPBTfrS2Y8A==}
    engines: {node: '>=14.0.0'}
    cpu: [wasm32]

  '@rolldown/binding-win32-arm64-msvc@1.0.0-beta.46':
    resolution: {integrity: sha512-Ydbwg1JCnVbTAuDyKtu3dOuBLgZ6iZsy8p1jMPX/r7LMPnpXnS15GNcmMwa11nyl/M2VjGE1i/MORUTMt8mnRQ==}
    engines: {node: ^20.19.0 || >=22.12.0}
    cpu: [arm64]
    os: [win32]

  '@rolldown/binding-win32-ia32-msvc@1.0.0-beta.46':
    resolution: {integrity: sha512-XcPZG2uDxEn6G3takXQvi7xWgDiJqdC0N6mubL/giKD4I65zgQtbadwlIR8oDB/erOahZr5IX8cRBVcK3xcvpg==}
    engines: {node: ^20.19.0 || >=22.12.0}
    cpu: [ia32]
    os: [win32]

  '@rolldown/binding-win32-x64-msvc@1.0.0-beta.46':
    resolution: {integrity: sha512-VPC+F9S6nllv02aGG+gxHRgpOaOlYBPn94kDe9DCFSLOztf4uYIAkN+tLDlg5OcsOC8XNR5rP49zOfI0PfnHYw==}
    engines: {node: ^20.19.0 || >=22.12.0}
    cpu: [x64]
    os: [win32]

  '@rolldown/pluginutils@1.0.0-beta.46':
    resolution: {integrity: sha512-xMNwJo/pHkEP/mhNVnW+zUiJDle6/hxrwO0mfSJuEVRbBfgrJFuUSRoZx/nYUw5pCjrysl9OkNXCkAdih8GCnA==}

  '@tybys/wasm-util@0.10.1':
    resolution: {integrity: sha512-9tTaPJLSiejZKx+Bmog4uSubteqTvFrVrURwkmHixBo0G4seD0zUxp98E1DzUBJxLQ3NPwXrGKDiVjwx/DpPsg==}

  '@types/node@24.10.0':
    resolution: {integrity: sha512-qzQZRBqkFsYyaSWXuEHc2WR9c0a0CXwiE5FWUvn7ZM+vdy1uZLfCunD38UzhuB7YN/J11ndbDBcTmOdxJo9Q7A==}

  prettier@3.6.2:
    resolution: {integrity: sha512-I7AIg5boAr5R0FFtJ6rCfD+LFsWHp81dolrFD8S79U9tb8Az2nGrJncnMSnys+bpQJfRUzqs9hnA81OAA3hCuQ==}
    engines: {node: '>=14'}
    hasBin: true

  rolldown@1.0.0-beta.46:
    resolution: {integrity: sha512-FYUbq0StVHOjkR/hEJ667Pup3ugeB9odBcbmxU5il9QfT9X2t/FPhkqFYQthbYxD2bKnQyO+2vHTgnmOHwZdeA==}
    engines: {node: ^20.19.0 || >=22.12.0}
    hasBin: true

  tslib@2.8.1:
    resolution: {integrity: sha512-oJFu94HQb+KVduSUQL7wnpmqnfmLsOA/nAh6b6EH0wCEoK0/mPeXU6c3wKDV83MkOuHPRHtSXKKU99IBazS/2w==}

  typescript@5.9.3:
    resolution: {integrity: sha512-jl1vZzPDinLr9eUt3J/t7V6FgNEw9QjvBPdysz9KfQDD41fQrC2Y4vKQdiaUpFT4bXlb1RHhLpp8wtm6M5TgSw==}
    engines: {node: '>=14.17'}
    hasBin: true

  undici-types@7.16.0:
    resolution: {integrity: sha512-Zz+aZWSj8LE6zoxD+xrjh4VfkIG8Ya6LvYkZqtUQGJPZjYl53ypCaUwWqo7eI0x66KBGeRo+mlBEkMSeSZ38Nw==}

snapshots:

  '@emnapi/core@1.5.0':
    dependencies:
      '@emnapi/wasi-threads': 1.1.0
      tslib: 2.8.1
    optional: true

  '@emnapi/runtime@1.5.0':
    dependencies:
      tslib: 2.8.1
    optional: true

  '@emnapi/wasi-threads@1.1.0':
    dependencies:
      tslib: 2.8.1
    optional: true

  '@napi-rs/wasm-runtime@1.0.7':
    dependencies:
      '@emnapi/core': 1.5.0
      '@emnapi/runtime': 1.5.0
      '@tybys/wasm-util': 0.10.1
    optional: true

  '@oxc-project/types@0.96.0': {}

  '@rolldown/binding-android-arm64@1.0.0-beta.46':
    optional: true

  '@rolldown/binding-darwin-arm64@1.0.0-beta.46':
    optional: true

  '@rolldown/binding-darwin-x64@1.0.0-beta.46':
    optional: true

  '@rolldown/binding-freebsd-x64@1.0.0-beta.46':
    optional: true

  '@rolldown/binding-linux-arm-gnueabihf@1.0.0-beta.46':
    optional: true

  '@rolldown/binding-linux-arm64-gnu@1.0.0-beta.46':
    optional: true

  '@rolldown/binding-linux-arm64-musl@1.0.0-beta.46':
    optional: true

  '@rolldown/binding-linux-x64-gnu@1.0.0-beta.46':
    optional: true

  '@rolldown/binding-linux-x64-musl@1.0.0-beta.46':
    optional: true

  '@rolldown/binding-openharmony-arm64@1.0.0-beta.46':
    optional: true

  '@rolldown/binding-wasm32-wasi@1.0.0-beta.46':
    dependencies:
      '@napi-rs/wasm-runtime': 1.0.7
    optional: true

  '@rolldown/binding-win32-arm64-msvc@1.0.0-beta.46':
    optional: true

  '@rolldown/binding-win32-ia32-msvc@1.0.0-beta.46':
    optional: true

  '@rolldown/binding-win32-x64-msvc@1.0.0-beta.46':
    optional: true

  '@rolldown/pluginutils@1.0.0-beta.46': {}

  '@tybys/wasm-util@0.10.1':
    dependencies:
      tslib: 2.8.1
    optional: true

  '@types/node@24.10.0':
    dependencies:
      undici-types: 7.16.0

  prettier@3.6.2: {}

  rolldown@1.0.0-beta.46:
    dependencies:
      '@oxc-project/types': 0.96.0
      '@rolldown/pluginutils': 1.0.0-beta.46
    optionalDependencies:
      '@rolldown/binding-android-arm64': 1.0.0-beta.46
      '@rolldown/binding-darwin-arm64': 1.0.0-beta.46
      '@rolldown/binding-darwin-x64': 1.0.0-beta.46
      '@rolldown/binding-freebsd-x64': 1.0.0-beta.46
      '@rolldown/binding-linux-arm-gnueabihf': 1.0.0-beta.46
      '@rolldown/binding-linux-arm64-gnu': 1.0.0-beta.46
      '@rolldown/binding-linux-arm64-musl': 1.0.0-beta.46
      '@rolldown/binding-linux-x64-gnu': 1.0.0-beta.46
      '@rolldown/binding-linux-x64-musl': 1.0.0-beta.46
      '@rolldown/binding-openharmony-arm64': 1.0.0-beta.46
      '@rolldown/binding-wasm32-wasi': 1.0.0-beta.46
      '@rolldown/binding-win32-arm64-msvc': 1.0.0-beta.46
      '@rolldown/binding-win32-ia32-msvc': 1.0.0-beta.46
      '@rolldown/binding-win32-x64-msvc': 1.0.0-beta.46

  tslib@2.8.1:
    optional: true

  typescript@5.9.3: {}

  undici-types@7.16.0: {}
